
Microsoft Visual Studio Solution File, Format Version 12.00
# Visual Studio 15
VisualStudioVersion = 15.0.26730.15
MinimumVisualStudioVersion = 10.0.40219.1
Project("{FAE04EC0-301F-11D3-BF4B-00C04F79EFBC}") = "BankIFSC", "BankIFSC\BankIFSC.csproj", "{D915946A-507E-48E6-806D-D1F5917E48B6}"
EndProject
Global
	GlobalSection(SolutionConfigurationPlatforms) = preSolution
		Debug|Any CPU = Debug|Any CPU
		Release|Any CPU = Release|Any CPU
	EndGlobalSection
	GlobalSection(ProjectConfigurationPlatforms) = postSolution
		{D915946A-507E-48E6-806D-D1F5917E48B6}.Debug|Any CPU.ActiveCfg = Debug|Any CPU
		{D915946A-507E-48E6-806D-D1F5917E48B6}.Debug|Any CPU.Build.0 = Debug|Any CPU
		{D915946A-507E-48E6-806D-D1F5917E48B6}.Release|Any CPU.ActiveCfg = Release|Any CPU
		{D915946A-507E-48E6-806D-D1F5917E48B6}.Release|Any CPU.Build.0 = Release|Any CPU
	EndGlobalSection
	GlobalSection(SolutionProperties) = preSolution
		HideSolutionNode = FALSE
	EndGlobalSection
	GlobalSection(ExtensibilityGlobals) = postSolution
		SolutionGuid = {DAA8860F-33CA-4F3B-B2F3-46CFA0F40701}
	EndGlobalSection
EndGlobal
